
Microsoft Visual Studio Solution File, Format Version 12.00
# Visual Studio Version 16
VisualStudioVersion = 16.0.29102.190
MinimumVisualStudioVersion = 10.0.40219.1
Project("{FAE04EC0-301F-11D3-BF4B-00C04F79EFBC}") = "Compendia.UWP", "Compendia\Compendia.UWP\Compendia.UWP.csproj", "{5DC54124-084F-41B5-AA45-1E223F9A6E3F}"
EndProject
Project("{FAE04EC0-301F-11D3-BF4B-00C04F79EFBC}") = "Compendia.Android", "Compendia\Compendia.Android\Compendia.Android.csproj", "{381FAE9F-FB5D-45EE-AF92-09C66A4042F4}"
EndProject
Project("{FAE04EC0-301F-11D3-BF4B-00C04F79EFBC}") = "Compendia.iOS", "Compendia\Compendia.iOS\Compendia.iOS.csproj", "{D52975AE-F5AD-46E0-8F4C-07FA06FD67EF}"
EndProject
Project("{FAE04EC0-301F-11D3-BF4B-00C04F79EFBC}") = "Compendia", "Compendia\Compendia\Compendia.csproj", "{91A28E4A-E269-4278-8114-035E3F6A51BF}"
EndProject
Global
	GlobalSection(SolutionConfigurationPlatforms) = preSolution
		Debug|Any CPU = Debug|Any CPU
		Debug|ARM = Debug|ARM
		Debug|iPhone = Debug|iPhone
		Debug|iPhoneSimulator = Debug|iPhoneSimulator
		Debug|x64 = Debug|x64
		Debug|x86 = Debug|x86
		Release|Any CPU = Release|Any CPU
		Release|ARM = Release|ARM
		Release|iPhone = Release|iPhone
		Release|iPhoneSimulator = Release|iPhoneSimulator
		Release|x64 = Release|x64
		Release|x86 = Release|x86
	EndGlobalSection
	GlobalSection(ProjectConfigurationPlatforms) = postSolution
		{5DC54124-084F-41B5-AA45-1E223F9A6E3F}.Debug|Any CPU.ActiveCfg = Debug|x86
		{5DC54124-084F-41B5-AA45-1E223F9A6E3F}.Debug|Any CPU.Build.0 = Debug|x86
		{5DC54124-084F-41B5-AA45-1E223F9A6E3F}.Debug|Any CPU.Deploy.0 = Debug|x86
		{5DC54124-084F-41B5-AA45-1E223F9A6E3F}.Debug|ARM.ActiveCfg = Debug|ARM
		{5DC54124-084F-41B5-AA45-1E223F9A6E3F}.Debug|ARM.Build.0 = Debug|ARM
		{5DC54124-084F-41B5-AA45-1E223F9A6E3F}.Debug|ARM.Deploy.0 = Debug|ARM
		{5DC54124-084F-41B5-AA45-1E223F9A6E3F}.Debug|iPhone.ActiveCfg = Debug|x86
		{5DC54124-084F-41B5-AA45-1E223F9A6E3F}.Debug|iPhone.Build.0 = Debug|x86
		{5DC54124-084F-41B5-AA45-1E223F9A6E3F}.Debug|iPhone.Deploy.0 = Debug|x86
		{5DC54124-084F-41B5-AA45-1E223F9A6E3F}.Debug|iPhoneSimulator.ActiveCfg = Debug|x86
		{5DC54124-084F-41B5-AA45-1E223F9A6E3F}.Debug|iPhoneSimulator.Build.0 = Debug|x86
		{5DC54124-084F-41B5-AA45-1E223F9A6E3F}.Debug|iPhoneSimulator.Deploy.0 = Debug|x86
		{5DC54124-084F-41B5-AA45-1E223F9A6E3F}.Debug|x64.ActiveCfg = Debug|x64
		{5DC54124-084F-41B5-AA45-1E223F9A6E3F}.Debug|x64.Build.0 = Debug|x64
		{5DC54124-084F-41B5-AA45-1E223F9A6E3F}.Debug|x64.Deploy.0 = Debug|x64
		{5DC54124-084F-41B5-AA45-1E223F9A6E3F}.Debug|x86.ActiveCfg = Debug|x86
		{5DC54124-084F-41B5-AA45-1E223F9A6E3F}.Debug|x86.Build.0 = Debug|x86
		{5DC54124-084F-41B5-AA45-1E223F9A6E3F}.Debug|x86.Deploy.0 = Debug|x86
		{5DC54124-084F-41B5-AA45-1E223F9A6E3F}.Release|Any CPU.ActiveCfg = Release|x86
		{5DC54124-084F-41B5-AA45-1E223F9A6E3F}.Release|Any CPU.Build.0 = Release|x86
		{5DC54124-084F-41B5-AA45-1E223F9A6E3F}.Release|Any CPU.Deploy.0 = Release|x86
		{5DC54124-084F-41B5-AA45-1E223F9A6E3F}.Release|ARM.ActiveCfg = Release|ARM
		{5DC54124-084F-41B5-AA45-1E223F9A6E3F}.Release|ARM.Build.0 = Release|ARM
		{5DC54124-084F-41B5-AA45-1E223F9A6E3F}.Release|ARM.Deploy.0 = Release|ARM
		{5DC54124-084F-41B5-AA45-1E223F9A6E3F}.Release|iPhone.ActiveCfg = Release|x86
		{5DC54124-084F-41B5-AA45-1E223F9A6E3F}.Release|iPhone.Build.0 = Release|x86
		{5DC54124-084F-41B5-AA45-1E223F9A6E3F}.Release|iPhone.Deploy.0 = Release|x86
		{5DC54124-084F-41B5-AA45-1E223F9A6E3F}.Release|iPhoneSimulator.ActiveCfg = Release|x86
		{5DC54124-084F-41B5-AA45-1E223F9A6E3F}.Release|iPhoneSimulator.Build.0 = Release|x86
		{5DC54124-084F-41B5-AA45-1E223F9A6E3F}.Release|iPhoneSimulator.Deploy.0 = Release|x86
		{5DC54124-084F-41B5-AA45-1E223F9A6E3F}.Release|x64.ActiveCfg = Release|x64
		{5DC54124-084F-41B5-AA45-1E223F9A6E3F}.Release|x64.Build.0 = Release|x64
		{5DC54124-084F-41B5-AA45-1E223F9A6E3F}.Release|x64.Deploy.0 = Release|x64
		{5DC54124-084F-41B5-AA45-1E223F9A6E3F}.Release|x86.ActiveCfg = Release|x86
		{5DC54124-084F-41B5-AA45-1E223F9A6E3F}.Release|x86.Build.0 = Release|x86
		{5DC54124-084F-41B5-AA45-1E223F9A6E3F}.Release|x86.Deploy.0 = Release|x86
		{381FAE9F-FB5D-45EE-AF92-09C66A4042F4}.Debug|Any CPU.ActiveCfg = Debug|Any CPU
		{381FAE9F-FB5D-45EE-AF92-09C66A4042F4}.Debug|Any CPU.Build.0 = Debug|Any CPU
		{381FAE9F-FB5D-45EE-AF92-09C66A4042F4}.Debug|Any CPU.Deploy.0 = Debug|Any CPU
		{381FAE9F-FB5D-45EE-AF92-09C66A4042F4}.Debug|ARM.ActiveCfg = Debug|Any CPU
		{381FAE9F-FB5D-45EE-AF92-09C66A4042F4}.Debug|ARM.Build.0 = Debug|Any CPU
		{381FAE9F-FB5D-45EE-AF92-09C66A4042F4}.Debug|ARM.Deploy.0 = Debug|Any CPU
		{381FAE9F-FB5D-45EE-AF92-09C66A4042F4}.Debug|iPhone.ActiveCfg = Debug|Any CPU
		{381FAE9F-FB5D-45EE-AF92-09C66A4042F4}.Debug|iPhone.Build.0 = Debug|Any CPU
		{381FAE9F-FB5D-45EE-AF92-09C66A4042F4}.Debug|iPhone.Deploy.0 = Debug|Any CPU
		{381FAE9F-FB5D-45EE-AF92-09C66A4042F4}.Debug|iPhoneSimulator.ActiveCfg = Debug|Any CPU
		{381FAE9F-FB5D-45EE-AF92-09C66A4042F4}.Debug|iPhoneSimulator.Build.0 = Debug|Any CPU
		{381FAE9F-FB5D-45EE-AF92-09C66A4042F4}.Debug|iPhoneSimulator.Deploy.0 = Debug|Any CPU
		{381FAE9F-FB5D-45EE-AF92-09C66A4042F4}.Debug|x64.ActiveCfg = Debug|Any CPU
		{381FAE9F-FB5D-45EE-AF92-09C66A4042F4}.Debug|x64.Build.0 = Debug|Any CPU
		{381FAE9F-FB5D-45EE-AF92-09C66A4042F4}.Debug|x64.Deploy.0 = Debug|Any CPU
		{381FAE9F-FB5D-45EE-AF92-09C66A4042F4}.Debug|x86.ActiveCfg = Debug|Any CPU
		{381FAE9F-FB5D-45EE-AF92-09C66A4042F4}.Debug|x86.Build.0 = Debug|Any CPU
		{381FAE9F-FB5D-45EE-AF92-09C66A4042F4}.Debug|x86.Deploy.0 = Debug|Any CPU
		{381FAE9F-FB5D-45EE-AF92-09C66A4042F4}.Release|Any CPU.ActiveCfg = Release|Any CPU
		{381FAE9F-FB5D-45EE-AF92-09C66A4042F4}.Release|Any CPU.Build.0 = Release|Any CPU
		{381FAE9F-FB5D-45EE-AF92-09C66A4042F4}.Release|Any CPU.Deploy.0 = Release|Any CPU
		{381FAE9F-FB5D-45EE-AF92-09C66A4042F4}.Release|ARM.ActiveCfg = Release|Any CPU
		{381FAE9F-FB5D-45EE-AF92-09C66A4042F4}.Release|ARM.Build.0 = Release|Any CPU
		{381FAE9F-FB5D-45EE-AF92-09C66A4042F4}.Release|ARM.Deploy.0 = Release|Any CPU
		{381FAE9F-FB5D-45EE-AF92-09C66A4042F4}.Release|iPhone.ActiveCfg = Release|Any CPU
		{381FAE9F-FB5D-45EE-AF92-09C66A4042F4}.Release|iPhone.Build.0 = Release|Any CPU
		{381FAE9F-FB5D-45EE-AF92-09C66A4042F4}.Release|iPhone.Deploy.0 = Release|Any CPU
		{381FAE9F-FB5D-45EE-AF92-09C66A4042F4}.Release|iPhoneSimulator.ActiveCfg = Release|Any CPU
		{381FAE9F-FB5D-45EE-AF92-09C66A4042F4}.Release|iPhoneSimulator.Build.0 = Release|Any CPU
		{381FAE9F-FB5D-45EE-AF92-09C66A4042F4}.Release|iPhoneSimulator.Deploy.0 = Release|Any CPU
		{381FAE9F-FB5D-45EE-AF92-09C66A4042F4}.Release|x64.ActiveCfg = Release|Any CPU
		{381FAE9F-FB5D-45EE-AF92-09C66A4042F4}.Release|x64.Build.0 = Release|Any CPU
		{381FAE9F-FB5D-45EE-AF92-09C66A4042F4}.Release|x64.Deploy.0 = Release|Any CPU
		{381FAE9F-FB5D-45EE-AF92-09C66A4042F4}.Release|x86.ActiveCfg = Release|Any CPU
		{381FAE9F-FB5D-45EE-AF92-09C66A4042F4}.Release|x86.Build.0 = Release|Any CPU
		{381FAE9F-FB5D-45EE-AF92-09C66A4042F4}.Release|x86.Deploy.0 = Release|Any CPU
		{D52975AE-F5AD-46E0-8F4C-07FA06FD67EF}.Debug|Any CPU.ActiveCfg = Debug|iPhone
		{D52975AE-F5AD-46E0-8F4C-07FA06FD67EF}.Debug|Any CPU.Build.0 = Debug|iPhone
		{D52975AE-F5AD-46E0-8F4C-07FA06FD67EF}.Debug|Any CPU.Deploy.0 = Debug|iPhone
		{D52975AE-F5AD-46E0-8F4C-07FA06FD67EF}.Debug|ARM.ActiveCfg = Debug|iPhoneSimulator
		{D52975AE-F5AD-46E0-8F4C-07FA06FD67EF}.Debug|ARM.Build.0 = Debug|iPhoneSimulator
		{D52975AE-F5AD-46E0-8F4C-07FA06FD67EF}.Debug|ARM.Deploy.0 = Debug|iPhoneSimulator
		{D52975AE-F5AD-46E0-8F4C-07FA06FD67EF}.Debug|iPhone.ActiveCfg = Debug|iPhone
		{D52975AE-F5AD-46E0-8F4C-07FA06FD67EF}.Debug|iPhone.Build.0 = Debug|iPhone
		{D52975AE-F5AD-46E0-8F4C-07FA06FD67EF}.Debug|iPhone.Deploy.0 = Debug|iPhone
		{D52975AE-F5AD-46E0-8F4C-07FA06FD67EF}.Debug|iPhoneSimulator.ActiveCfg = Debug|iPhoneSimulator
		{D52975AE-F5AD-46E0-8F4C-07FA06FD67EF}.Debug|iPhoneSimulator.Build.0 = Debug|iPhoneSimulator
		{D52975AE-F5AD-46E0-8F4C-07FA06FD67EF}.Debug|iPhoneSimulator.Deploy.0 = Debug|iPhoneSimulator
		{D52975AE-F5AD-46E0-8F4C-07FA06FD67EF}.Debug|x64.ActiveCfg = Debug|iPhone
		{D52975AE-F5AD-46E0-8F4C-07FA06FD67EF}.Debug|x64.Build.0 = Debug|iPhone
		{D52975AE-F5AD-46E0-8F4C-07FA06FD67EF}.Debug|x64.Deploy.0 = Debug|iPhone
		{D52975AE-F5AD-46E0-8F4C-07FA06FD67EF}.Debug|x86.ActiveCfg = Debug|iPhone
		{D52975AE-F5AD-46E0-8F4C-07FA06FD67EF}.Debug|x86.Build.0 = Debug|iPhone
		{D52975AE-F5AD-46E0-8F4C-07FA06FD67EF}.Debug|x86.Deploy.0 = Debug|iPhone
		{D52975AE-F5AD-46E0-8F4C-07FA06FD67EF}.Release|Any CPU.ActiveCfg = Release|iPhone
		{D52975AE-F5AD-46E0-8F4C-07FA06FD67EF}.Release|Any CPU.Build.0 = Release|iPhone
		{D52975AE-F5AD-46E0-8F4C-07FA06FD67EF}.Release|Any CPU.Deploy.0 = Release|iPhone
		{D52975AE-F5AD-46E0-8F4C-07FA06FD67EF}.Release|ARM.ActiveCfg = Release|iPhone
		{D52975AE-F5AD-46E0-8F4C-07FA06FD67EF}.Release|ARM.Build.0 = Release|iPhone
		{D52975AE-F5AD-46E0-8F4C-07FA06FD67EF}.Release|ARM.Deploy.0 = Release|iPhone
		{D52975AE-F5AD-46E0-8F4C-07FA06FD67EF}.Release|iPhone.ActiveCfg = Release|iPhone
		{D52975AE-F5AD-46E0-8F4C-07FA06FD67EF}.Release|iPhone.Build.0 = Release|iPhone
		{D52975AE-F5AD-46E0-8F4C-07FA06FD67EF}.Release|iPhone.Deploy.0 = Release|iPhone
		{D52975AE-F5AD-46E0-8F4C-07FA06FD67EF}.Release|iPhoneSimulator.ActiveCfg = Release|iPhoneSimulator
		{D52975AE-F5AD-46E0-8F4C-07FA06FD67EF}.Release|iPhoneSimulator.Build.0 = Release|iPhoneSimulator
		{D52975AE-F5AD-46E0-8F4C-07FA06FD67EF}.Release|iPhoneSimulator.Deploy.0 = Release|iPhoneSimulator
		{D52975AE-F5AD-46E0-8F4C-07FA06FD67EF}.Release|x64.ActiveCfg = Release|iPhone
		{D52975AE-F5AD-46E0-8F4C-07FA06FD67EF}.Release|x64.Build.0 = Release|iPhone
		{D52975AE-F5AD-46E0-8F4C-07FA06FD67EF}.Release|x64.Deploy.0 = Release|iPhone
		{D52975AE-F5AD-46E0-8F4C-07FA06FD67EF}.Release|x86.ActiveCfg = Release|iPhone
		{D52975AE-F5AD-46E0-8F4C-07FA06FD67EF}.Release|x86.Build.0 = Release|iPhone
		{D52975AE-F5AD-46E0-8F4C-07FA06FD67EF}.Release|x86.Deploy.0 = Release|iPhone
		{91A28E4A-E269-4278-8114-035E3F6A51BF}.Debug|Any CPU.ActiveCfg = Debug|Any CPU
		{91A28E4A-E269-4278-8114-035E3F6A51BF}.Debug|Any CPU.Build.0 = Debug|Any CPU
		{91A28E4A-E269-4278-8114-035E3F6A51BF}.Debug|Any CPU.Deploy.0 = Debug|Any CPU
		{91A28E4A-E269-4278-8114-035E3F6A51BF}.Debug|ARM.ActiveCfg = Debug|Any CPU
		{91A28E4A-E269-4278-8114-035E3F6A51BF}.Debug|ARM.Build.0 = Debug|Any CPU
		{91A28E4A-E269-4278-8114-035E3F6A51BF}.Debug|ARM.Deploy.0 = Debug|Any CPU
		{91A28E4A-E269-4278-8114-035E3F6A51BF}.Debug|iPhone.ActiveCfg = Debug|Any CPU
		{91A28E4A-E269-4278-8114-035E3F6A51BF}.Debug|iPhone.Build.0 = Debug|Any CPU
		{91A28E4A-E269-4278-8114-035E3F6A51BF}.Debug|iPhone.Deploy.0 = Debug|Any CPU
		{91A28E4A-E269-4278-8114-035E3F6A51BF}.Debug|iPhoneSimulator.ActiveCfg = Debug|Any CPU
		{91A28E4A-E269-4278-8114-035E3F6A51BF}.Debug|iPhoneSimulator.Build.0 = Debug|Any CPU
		{91A28E4A-E269-4278-8114-035E3F6A51BF}.Debug|iPhoneSimulator.Deploy.0 = Debug|Any CPU
		{91A28E4A-E269-4278-8114-035E3F6A51BF}.Debug|x64.ActiveCfg = Debug|Any CPU
		{91A28E4A-E269-4278-8114-035E3F6A51BF}.Debug|x64.Build.0 = Debug|Any CPU
		{91A28E4A-E269-4278-8114-035E3F6A51BF}.Debug|x64.Deploy.0 = Debug|Any CPU
		{91A28E4A-E269-4278-8114-035E3F6A51BF}.Debug|x86.ActiveCfg = Debug|Any CPU
		{91A28E4A-E269-4278-8114-035E3F6A51BF}.Debug|x86.Build.0 = Debug|Any CPU
		{91A28E4A-E269-4278-8114-035E3F6A51BF}.Debug|x86.Deploy.0 = Debug|Any CPU
		{91A28E4A-E269-4278-8114-035E3F6A51BF}.Release|Any CPU.ActiveCfg = Release|Any CPU
		{91A28E4A-E269-4278-8114-035E3F6A51BF}.Release|Any CPU.Build.0 = Release|Any CPU
		{91A28E4A-E269-4278-8114-035E3F6A51BF}.Release|Any CPU.Deploy.0 = Release|Any CPU
		{91A28E4A-E269-4278-8114-035E3F6A51BF}.Release|ARM.ActiveCfg = Release|Any CPU
		{91A28E4A-E269-4278-8114-035E3F6A51BF}.Release|ARM.Build.0 = Release|Any CPU
		{91A28E4A-E269-4278-8114-035E3F6A51BF}.Release|ARM.Deploy.0 = Release|Any CPU
		{91A28E4A-E269-4278-8114-035E3F6A51BF}.Release|iPhone.ActiveCfg = Release|Any CPU
		{91A28E4A-E269-4278-8114-035E3F6A51BF}.Release|iPhone.Build.0 = Release|Any CPU
		{91A28E4A-E269-4278-8114-035E3F6A51BF}.Release|iPhone.Deploy.0 = Release|Any CPU
		{91A28E4A-E269-4278-8114-035E3F6A51BF}.Release|iPhoneSimulator.ActiveCfg = Release|Any CPU
		{91A28E4A-E269-4278-8114-035E3F6A51BF}.Release|iPhoneSimulator.Build.0 = Release|Any CPU
		{91A28E4A-E269-4278-8114-035E3F6A51BF}.Release|iPhoneSimulator.Deploy.0 = Release|Any CPU
		{91A28E4A-E269-4278-8114-035E3F6A51BF}.Release|x64.ActiveCfg = Release|Any CPU
		{91A28E4A-E269-4278-8114-035E3F6A51BF}.Release|x64.Build.0 = Release|Any CPU
		{91A28E4A-E269-4278-8114-035E3F6A51BF}.Release|x64.Deploy.0 = Release|Any CPU
		{91A28E4A-E269-4278-8114-035E3F6A51BF}.Release|x86.ActiveCfg = Release|Any CPU
		{91A28E4A-E269-4278-8114-035E3F6A51BF}.Release|x86.Build.0 = Release|Any CPU
		{91A28E4A-E269-4278-8114-035E3F6A51BF}.Release|x86.Deploy.0 = Release|Any CPU
	EndGlobalSection
	GlobalSection(SolutionProperties) = preSolution
		HideSolutionNode = FALSE
	EndGlobalSection
	GlobalSection(ExtensibilityGlobals) = postSolution
		SolutionGuid = {A00FD250-CC80-4B65-94B1-DCAE8C8AD8E5}
	EndGlobalSection
EndGlobal
